// !$*UTF8*$!
{
	archiveVersion = 1;
	classes = {
	};
	objectVersion = 77;
	objects = {

/* Begin PBXBuildFile section */
		ADB617562D3E83390004A5AE /* RxBlocking in Frameworks */ = {isa = PBXBuildFile; productRef = ADB617552D3E83390004A5AE /* RxBlocking */; };
		ADB617582D3E83390004A5AE /* RxCocoa in Frameworks */ = {isa = PBXBuildFile; productRef = ADB617572D3E83390004A5AE /* RxCocoa */; };
		ADB6175A2D3E83390004A5AE /* RxSwift in Frameworks */ = {isa = PBXBuildFile; productRef = ADB617592D3E83390004A5AE /* RxSwift */; };
		ADB6175C2D3E83390004A5AE /* RxTest in Frameworks */ = {isa = PBXBuildFile; productRef = ADB6175B2D3E83390004A5AE /* RxTest */; };
		ADB6175F2D3E842E0004A5AE /* Kingfisher in Frameworks */ = {isa = PBXBuildFile; productRef = ADB6175E2D3E842E0004A5AE /* Kingfisher */; };
/* End PBXBuildFile section */

/* Begin PBXContainerItemProxy section */
		ADB617302D3E7CAE0004A5AE /* PBXContainerItemProxy */ = {
			isa = PBXContainerItemProxy;
			containerPortal = ADB617112D3E7CAC0004A5AE /* Project object */;
			proxyType = 1;
			remoteGlobalIDString = ADB617182D3E7CAC0004A5AE;
			remoteInfo = MovieApp;
		};
		ADB6173A2D3E7CAE0004A5AE /* PBXContainerItemProxy */ = {
			isa = PBXContainerItemProxy;
			containerPortal = ADB617112D3E7CAC0004A5AE /* Project object */;
			proxyType = 1;
			remoteGlobalIDString = ADB617182D3E7CAC0004A5AE;
			remoteInfo = MovieApp;
		};
/* End PBXContainerItemProxy section */

/* Begin PBXFileReference section */
		ADB617192D3E7CAC0004A5AE /* MovieApp.app */ = {isa = PBXFileReference; explicitFileType = wrapper.application; includeInIndex = 0; path = MovieApp.app; sourceTree = BUILT_PRODUCTS_DIR; };
		ADB6172F2D3E7CAE0004A5AE /* MovieAppTests.xctest */ = {isa = PBXFileReference; explicitFileType = wrapper.cfbundle; includeInIndex = 0; path = MovieAppTests.xctest; sourceTree = BUILT_PRODUCTS_DIR; };
		ADB617392D3E7CAE0004A5AE /* MovieAppUITests.xctest */ = {isa = PBXFileReference; explicitFileType = wrapper.cfbundle; includeInIndex = 0; path = MovieAppUITests.xctest; sourceTree = BUILT_PRODUCTS_DIR; };
/* End PBXFileReference section */

/* Begin PBXFileSystemSynchronizedBuildFileExceptionSet section */
		ADB617412D3E7CAE0004A5AE /* Exceptions for "MovieApp" folder in "MovieApp" target */ = {
			isa = PBXFileSystemSynchronizedBuildFileExceptionSet;
			membershipExceptions = (
				Resource/Info.plist,
			);
			target = ADB617182D3E7CAC0004A5AE /* MovieApp */;
		};
/* End PBXFileSystemSynchronizedBuildFileExceptionSet section */

/* Begin PBXFileSystemSynchronizedRootGroup section */
		ADB6171B2D3E7CAC0004A5AE /* MovieApp */ = {
			isa = PBXFileSystemSynchronizedRootGroup;
			exceptions = (
				ADB617412D3E7CAE0004A5AE /* Exceptions for "MovieApp" folder in "MovieApp" target */,
			);
			path = MovieApp;
			sourceTree = "<group>";
		};
		ADB617322D3E7CAE0004A5AE /* MovieAppTests */ = {
			isa = PBXFileSystemSynchronizedRootGroup;
			path = MovieAppTests;
			sourceTree = "<group>";
		};
		ADB6173C2D3E7CAE0004A5AE /* MovieAppUITests */ = {
			isa = PBXFileSystemSynchronizedRootGroup;
			path = MovieAppUITests;
			sourceTree = "<group>";
		};
/* End PBXFileSystemSynchronizedRootGroup section */

/* Begin PBXFrameworksBuildPhase section */
		ADB617162D3E7CAC0004A5AE /* Frameworks */ = {
			isa = PBXFrameworksBuildPhase;
			buildActionMask = 2147483647;
			files = (
				ADB6175F2D3E842E0004A5AE /* Kingfisher in Frameworks */,
				ADB6175A2D3E83390004A5AE /* RxSwift in Frameworks */,
				ADB617582D3E83390004A5AE /* RxCocoa in Frameworks */,
			);
			runOnlyForDeploymentPostprocessing = 0;
		};
		ADB6172C2D3E7CAE0004A5AE /* Frameworks */ = {
			isa = PBXFrameworksBuildPhase;
			buildActionMask = 2147483647;
			files = (
				ADB6175C2D3E83390004A5AE /* RxTest in Frameworks */,
				ADB617562D3E83390004A5AE /* RxBlocking in Frameworks */,
			);
			runOnlyForDeploymentPostprocessing = 0;
		};
		ADB617362D3E7CAE0004A5AE /* Frameworks */ = {
			isa = PBXFrameworksBuildPhase;
			buildActionMask = 2147483647;
			files = (
			);
			runOnlyForDeploymentPostprocessing = 0;
		};
/* End PBXFrameworksBuildPhase section */

/* Begin PBXGroup section */
		ADB617102D3E7CAC0004A5AE = {
			isa = PBXGroup;
			children = (
				ADB6171B2D3E7CAC0004A5AE /* MovieApp */,
				ADB617322D3E7CAE0004A5AE /* MovieAppTests */,
				ADB6173C2D3E7CAE0004A5AE /* MovieAppUITests */,
				ADB6171A2D3E7CAC0004A5AE /* Products */,
			);
			sourceTree = "<group>";
		};
		ADB6171A2D3E7CAC0004A5AE /* Products */ = {
			isa = PBXGroup;
			children = (
				ADB617192D3E7CAC0004A5AE /* MovieApp.app */,
				ADB6172F2D3E7CAE0004A5AE /* MovieAppTests.xctest */,
				ADB617392D3E7CAE0004A5AE /* MovieAppUITests.xctest */,
			);
			name = Products;
			sourceTree = "<group>";
		};
/* End PBXGroup section */

/* Begin PBXNativeTarget section */
		ADB617182D3E7CAC0004A5AE /* MovieApp */ = {
			isa = PBXNativeTarget;
			buildConfigurationList = ADB617422D3E7CAE0004A5AE /* Build configuration list for PBXNativeTarget "MovieApp" */;
			buildPhases = (
				ADB617152D3E7CAC0004A5AE /* Sources */,
				ADB617162D3E7CAC0004A5AE /* Frameworks */,
				ADB617172D3E7CAC0004A5AE /* Resources */,
			);
			buildRules = (
			);
			dependencies = (
			);
			fileSystemSynchronizedGroups = (
				ADB6171B2D3E7CAC0004A5AE /* MovieApp */,
			);
			name = MovieApp;
			packageProductDependencies = (
				ADB617572D3E83390004A5AE /* RxCocoa */,
				ADB617592D3E83390004A5AE /* RxSwift */,
				ADB6175E2D3E842E0004A5AE /* Kingfisher */,
			);
			productName = MovieApp;
			productReference = ADB617192D3E7CAC0004A5AE /* MovieApp.app */;
			productType = "com.apple.product-type.application";
		};
		ADB6172E2D3E7CAE0004A5AE /* MovieAppTests */ = {
			isa = PBXNativeTarget;
			buildConfigurationList = ADB617472D3E7CAE0004A5AE /* Build configuration list for PBXNativeTarget "MovieAppTests" */;
			buildPhases = (
				ADB6172B2D3E7CAE0004A5AE /* Sources */,
				ADB6172C2D3E7CAE0004A5AE /* Frameworks */,
				ADB6172D2D3E7CAE0004A5AE /* Resources */,
			);
			buildRules = (
			);
			dependencies = (
				ADB617312D3E7CAE0004A5AE /* PBXTargetDependency */,
			);
			fileSystemSynchronizedGroups = (
				ADB617322D3E7CAE0004A5AE /* MovieAppTests */,
			);
			name = MovieAppTests;
			packageProductDependencies = (
				ADB617552D3E83390004A5AE /* RxBlocking */,
				ADB6175B2D3E83390004A5AE /* RxTest */,
			);
			productName = MovieAppTests;
			productReference = ADB6172F2D3E7CAE0004A5AE /* MovieAppTests.xctest */;
			productType = "com.apple.product-type.bundle.unit-test";
		};
		ADB617382D3E7CAE0004A5AE /* MovieAppUITests */ = {
			isa = PBXNativeTarget;
			buildConfigurationList = ADB6174A2D3E7CAE0004A5AE /* Build configuration list for PBXNativeTarget "MovieAppUITests" */;
			buildPhases = (
				ADB617352D3E7CAE0004A5AE /* Sources */,
				ADB617362D3E7CAE0004A5AE /* Frameworks */,
				ADB617372D3E7CAE0004A5AE /* Resources */,
			);
			buildRules = (
			);
			dependencies = (
				ADB6173B2D3E7CAE0004A5AE /* PBXTargetDependency */,
			);
			fileSystemSynchronizedGroups = (
				ADB6173C2D3E7CAE0004A5AE /* MovieAppUITests */,
			);
			name = MovieAppUITests;
			packageProductDependencies = (
			);
			productName = MovieAppUITests;
			productReference = ADB617392D3E7CAE0004A5AE /* MovieAppUITests.xctest */;
			productType = "com.apple.product-type.bundle.ui-testing";
		};
/* End PBXNativeTarget section */

/* Begin PBXProject section */
		ADB617112D3E7CAC0004A5AE /* Project object */ = {
			isa = PBXProject;
			attributes = {
				BuildIndependentTargetsInParallel = 1;
				LastSwiftUpdateCheck = 1620;
				LastUpgradeCheck = 1620;
				TargetAttributes = {
					ADB617182D3E7CAC0004A5AE = {
						CreatedOnToolsVersion = 16.2;
					};
					ADB6172E2D3E7CAE0004A5AE = {
						CreatedOnToolsVersion = 16.2;
						TestTargetID = ADB617182D3E7CAC0004A5AE;
					};
					ADB617382D3E7CAE0004A5AE = {
						CreatedOnToolsVersion = 16.2;
						TestTargetID = ADB617182D3E7CAC0004A5AE;
					};
				};
			};
			buildConfigurationList = ADB617142D3E7CAC0004A5AE /* Build configuration list for PBXProject "MovieApp" */;
			developmentRegion = en;
			hasScannedForEncodings = 0;
			knownRegions = (
				en,
				Base,
			);
			mainGroup = ADB617102D3E7CAC0004A5AE;
			minimizedProjectReferenceProxies = 1;
			packageReferences = (
				ADB617542D3E83390004A5AE /* XCRemoteSwiftPackageReference "RxSwift" */,
				ADB6175D2D3E842E0004A5AE /* XCRemoteSwiftPackageReference "Kingfisher" */,
			);
			preferredProjectObjectVersion = 77;
			productRefGroup = ADB6171A2D3E7CAC0004A5AE /* Products */;
			projectDirPath = "";
			projectRoot = "";
			targets = (
				ADB617182D3E7CAC0004A5AE /* MovieApp */,
				ADB6172E2D3E7CAE0004A5AE /* MovieAppTests */,
				ADB617382D3E7CAE0004A5AE /* MovieAppUITests */,
			);
		};
/* End PBXProject section */

/* Begin PBXResourcesBuildPhase section */
		ADB617172D3E7CAC0004A5AE /* Resources */ = {
			isa = PBXResourcesBuildPhase;
			buildActionMask = 2147483647;
			files = (
			);
			runOnlyForDeploymentPostprocessing = 0;
		};
		ADB6172D2D3E7CAE0004A5AE /* Resources */ = {
			isa = PBXResourcesBuildPhase;
			buildActionMask = 2147483647;
			files = (
			);
			runOnlyForDeploymentPostprocessing = 0;
		};
		ADB617372D3E7CAE0004A5AE /* Resources */ = {
			isa = PBXResourcesBuildPhase;
			buildActionMask = 2147483647;
			files = (
			);
			runOnlyForDeploymentPostprocessing = 0;
		};
/* End PBXResourcesBuildPhase section */

/* Begin PBXSourcesBuildPhase section */
		ADB617152D3E7CAC0004A5AE /* Sources */ = {
			isa = PBXSourcesBuildPhase;
			buildActionMask = 2147483647;
			files = (
			);
			runOnlyForDeploymentPostprocessing = 0;
		};
		ADB6172B2D3E7CAE0004A5AE /* Sources */ = {
			isa = PBXSourcesBuildPhase;
			buildActionMask = 2147483647;
			files = (
			);
			runOnlyForDeploymentPostprocessing = 0;
		};
		ADB617352D3E7CAE0004A5AE /* Sources */ = {
			isa = PBXSourcesBuildPhase;
			buildActionMask = 2147483647;
			files = (
			);
			runOnlyForDeploymentPostprocessing = 0;
		};
/* End PBXSourcesBuildPhase section */

/* Begin PBXTargetDependency section */
		ADB617312D3E7CAE0004A5AE /* PBXTargetDependency */ = {
			isa = PBXTargetDependency;
			target = ADB617182D3E7CAC0004A5AE /* MovieApp */;
			targetProxy = ADB617302D3E7CAE0004A5AE /* PBXContainerItemProxy */;
		};
		ADB6173B2D3E7CAE0004A5AE /* PBXTargetDependency */ = {
			isa = PBXTargetDependency;
			target = ADB617182D3E7CAC0004A5AE /* MovieApp */;
			targetProxy = ADB6173A2D3E7CAE0004A5AE /* PBXContainerItemProxy */;
		};
/* End PBXTargetDependency section */

/* Begin XCBuildConfiguration section */
		ADB617432D3E7CAE0004A5AE /* Debug */ = {
			isa = XCBuildConfiguration;
			buildSettings = {
				ASSETCATALOG_COMPILER_APPICON_NAME = AppIcon;
				ASSETCATALOG_COMPILER_GLOBAL_ACCENT_COLOR_NAME = AccentColor;
				CODE_SIGN_STYLE = Automatic;
				CURRENT_PROJECT_VERSION = 1;
				DEVELOPMENT_TEAM = XDB22KM8KS;
				GENERATE_INFOPLIST_FILE = YES;
				INFOPLIST_FILE = MovieApp/Resource/Info.plist;
				INFOPLIST_KEY_UIApplicationSupportsIndirectInputEvents = YES;
				INFOPLIST_KEY_UILaunchStoryboardName = LaunchScreen;
				INFOPLIST_KEY_UISupportedInterfaceOrientations_iPad = "UIInterfaceOrientationPortrait UIInterfaceOrientationPortraitUpsideDown UIInterfaceOrientationLandscapeLeft UIInterfaceOrientationLandscapeRight";
				INFOPLIST_KEY_UISupportedInterfaceOrientations_iPhone = "UIInterfaceOrientationPortrait UIInterfaceOrientationLandscapeLeft UIInterfaceOrientationLandscapeRight";
				LD_RUNPATH_SEARCH_PATHS = (
					"$(inherited)",
					"@executable_path/Frameworks",
				);
				MARKETING_VERSION = 1.0;
				PRODUCT_BUNDLE_IDENTIFIER = com.rocket.MovieApp;
				PRODUCT_NAME = "$(TARGET_NAME)";
				SWIFT_EMIT_LOC_STRINGS = YES;
				SWIFT_VERSION = 5.0;
				TARGETED_DEVICE_FAMILY = "1,2";
			};
			name = Debug;
		};
		ADB617442D3E7CAE0004A5AE /* Release */ = {
			isa = XCBuildConfiguration;
			buildSettings = {
				ASSETCATALOG_COMPILER_APPICON_NAME = AppIcon;
				ASSETCATALOG_COMPILER_GLOBAL_ACCENT_COLOR_NAME = AccentColor;
				CODE_SIGN_STYLE = Automatic;
				CURRENT_PROJECT_VERSION = 1;
				DEVELOPMENT_TEAM = XDB22KM8KS;
				GENERATE_INFOPLIST_FILE = YES;
				INFOPLIST_FILE = MovieApp/Resource/Info.plist;
				INFOPLIST_KEY_UIApplicationSupportsIndirectInputEvents = YES;
				INFOPLIST_KEY_UILaunchStoryboardName = LaunchScreen;
				INFOPLIST_KEY_UISupportedInterfaceOrientations_iPad = "UIInterfaceOrientationPortrait UIInterfaceOrientationPortraitUpsideDown UIInterfaceOrientationLandscapeLeft UIInterfaceOrientationLandscapeRight";
				INFOPLIST_KEY_UISupportedInterfaceOrientations_iPhone = "UIInterfaceOrientationPortrait UIInterfaceOrientationLandscapeLeft UIInterfaceOrientationLandscapeRight";
				LD_RUNPATH_SEARCH_PATHS = (
					"$(inherited)",
					"@executable_path/Frameworks",
				);
				MARKETING_VERSION = 1.0;
				PRODUCT_BUNDLE_IDENTIFIER = com.rocket.MovieApp;
				PRODUCT_NAME = "$(TARGET_NAME)";
				SWIFT_EMIT_LOC_STRINGS = YES;
				SWIFT_VERSION = 5.0;
				TARGETED_DEVICE_FAMILY = "1,2";
			};
			name = Release;
		};
		ADB617452D3E7CAE0004A5AE /* Debug */ = {
			isa = XCBuildConfiguration;
			buildSettings = {
				ALWAYS_SEARCH_USER_PATHS = NO;
				ASSETCATALOG_COMPILER_GENERATE_SWIFT_ASSET_SYMBOL_EXTENSIONS = YES;
				CLANG_ANALYZER_NONNULL = YES;
				CLANG_ANALYZER_NUMBER_OBJECT_CONVERSION = YES_AGGRESSIVE;
				CLANG_CXX_LANGUAGE_STANDARD = "gnu++20";
				CLANG_ENABLE_MODULES = YES;
				CLANG_ENABLE_OBJC_ARC = YES;
				CLANG_ENABLE_OBJC_WEAK = YES;
				CLANG_WARN_BLOCK_CAPTURE_AUTORELEASING = YES;
				CLANG_WARN_BOOL_CONVERSION = YES;
				CLANG_WARN_COMMA = YES;
				CLANG_WARN_CONSTANT_CONVERSION = YES;
				CLANG_WARN_DEPRECATED_OBJC_IMPLEMENTATIONS = YES;
				CLANG_WARN_DIRECT_OBJC_ISA_USAGE = YES_ERROR;
				CLANG_WARN_DOCUMENTATION_COMMENTS = YES;
				CLANG_WARN_EMPTY_BODY = YES;
				CLANG_WARN_ENUM_CONVERSION = YES;
				CLANG_WARN_INFINITE_RECURSION = YES;
				CLANG_WARN_INT_CONVERSION = YES;
				CLANG_WARN_NON_LITERAL_NULL_CONVERSION = YES;
				CLANG_WARN_OBJC_IMPLICIT_RETAIN_SELF = YES;
				CLANG_WARN_OBJC_LITERAL_CONVERSION = YES;
				CLANG_WARN_OBJC_ROOT_CLASS = YES_ERROR;
				CLANG_WARN_QUOTED_INCLUDE_IN_FRAMEWORK_HEADER = YES;
				CLANG_WARN_RANGE_LOOP_ANALYSIS = YES;
				CLANG_WARN_STRICT_PROTOTYPES = YES;
				CLANG_WARN_SUSPICIOUS_MOVE = YES;
				CLANG_WARN_UNGUARDED_AVAILABILITY = YES_AGGRESSIVE;
				CLANG_WARN_UNREACHABLE_CODE = YES;
				CLANG_WARN__DUPLICATE_METHOD_MATCH = YES;
				COPY_PHASE_STRIP = NO;
				DEBUG_INFORMATION_FORMAT = dwarf;
				ENABLE_STRICT_OBJC_MSGSEND = YES;
				ENABLE_TESTABILITY = YES;
				ENABLE_USER_SCRIPT_SANDBOXING = YES;
				GCC_C_LANGUAGE_STANDARD = gnu17;
				GCC_DYNAMIC_NO_PIC = NO;
				GCC_NO_COMMON_BLOCKS = YES;
				GCC_OPTIMIZATION_LEVEL = 0;
				GCC_PREPROCESSOR_DEFINITIONS = (
					"DEBUG=1",
					"$(inherited)",
				);
				GCC_WARN_64_TO_32_BIT_CONVERSION = YES;
				GCC_WARN_ABOUT_RETURN_TYPE = YES_ERROR;
				GCC_WARN_UNDECLARED_SELECTOR = YES;
				GCC_WARN_UNINITIALIZED_AUTOS = YES_AGGRESSIVE;
				GCC_WARN_UNUSED_FUNCTION = YES;
				GCC_WARN_UNUSED_VARIABLE = YES;
				IPHONEOS_DEPLOYMENT_TARGET = 18.2;
				LOCALIZATION_PREFERS_STRING_CATALOGS = YES;
				MTL_ENABLE_DEBUG_INFO = INCLUDE_SOURCE;
				MTL_FAST_MATH = YES;
				ONLY_ACTIVE_ARCH = YES;
				SDKROOT = iphoneos;
				SWIFT_ACTIVE_COMPILATION_CONDITIONS = "DEBUG $(inherited)";
				SWIFT_OPTIMIZATION_LEVEL = "-Onone";
			};
			name = Debug;
		};
		ADB617462D3E7CAE0004A5AE /* Release */ = {
			isa = XCBuildConfiguration;
			buildSettings = {
				ALWAYS_SEARCH_USER_PATHS = NO;
				ASSETCATALOG_COMPILER_GENERATE_SWIFT_ASSET_SYMBOL_EXTENSIONS = YES;
				CLANG_ANALYZER_NONNULL = YES;
				CLANG_ANALYZER_NUMBER_OBJECT_CONVERSION = YES_AGGRESSIVE;
				CLANG_CXX_LANGUAGE_STANDARD = "gnu++20";
				CLANG_ENABLE_MODULES = YES;
				CLANG_ENABLE_OBJC_ARC = YES;
				CLANG_ENABLE_OBJC_WEAK = YES;
				CLANG_WARN_BLOCK_CAPTURE_AUTORELEASING = YES;
				CLANG_WARN_BOOL_CONVERSION = YES;
				CLANG_WARN_COMMA = YES;
				CLANG_WARN_CONSTANT_CONVERSION = YES;
				CLANG_WARN_DEPRECATED_OBJC_IMPLEMENTATIONS = YES;
				CLANG_WARN_DIRECT_OBJC_ISA_USAGE = YES_ERROR;
				CLANG_WARN_DOCUMENTATION_COMMENTS = YES;
				CLANG_WARN_EMPTY_BODY = YES;
				CLANG_WARN_ENUM_CONVERSION = YES;
				CLANG_WARN_INFINITE_RECURSION = YES;
				CLANG_WARN_INT_CONVERSION = YES;
				CLANG_WARN_NON_LITERAL_NULL_CONVERSION = YES;
				CLANG_WARN_OBJC_IMPLICIT_RETAIN_SELF = YES;
				CLANG_WARN_OBJC_LITERAL_CONVERSION = YES;
				CLANG_WARN_OBJC_ROOT_CLASS = YES_ERROR;
				CLANG_WARN_QUOTED_INCLUDE_IN_FRAMEWORK_HEADER = YES;
				CLANG_WARN_RANGE_LOOP_ANALYSIS = YES;
				CLANG_WARN_STRICT_PROTOTYPES = YES;
				CLANG_WARN_SUSPICIOUS_MOVE = YES;
				CLANG_WARN_UNGUARDED_AVAILABILITY = YES_AGGRESSIVE;
				CLANG_WARN_UNREACHABLE_CODE = YES;
				CLANG_WARN__DUPLICATE_METHOD_MATCH = YES;
				COPY_PHASE_STRIP = NO;
				DEBUG_INFORMATION_FORMAT = "dwarf-with-dsym";
				ENABLE_NS_ASSERTIONS = NO;
				ENABLE_STRICT_OBJC_MSGSEND = YES;
				ENABLE_USER_SCRIPT_SANDBOXING = YES;
				GCC_C_LANGUAGE_STANDARD = gnu17;
				GCC_NO_COMMON_BLOCKS = YES;
				GCC_WARN_64_TO_32_BIT_CONVERSION = YES;
				GCC_WARN_ABOUT_RETURN_TYPE = YES_ERROR;
				GCC_WARN_UNDECLARED_SELECTOR = YES;
				GCC_WARN_UNINITIALIZED_AUTOS = YES_AGGRESSIVE;
				GCC_WARN_UNUSED_FUNCTION = YES;
				GCC_WARN_UNUSED_VARIABLE = YES;
				IPHONEOS_DEPLOYMENT_TARGET = 18.2;
				LOCALIZATION_PREFERS_STRING_CATALOGS = YES;
				MTL_ENABLE_DEBUG_INFO = NO;
				MTL_FAST_MATH = YES;
				SDKROOT = iphoneos;
				SWIFT_COMPILATION_MODE = wholemodule;
				VALIDATE_PRODUCT = YES;
			};
			name = Release;
		};
		ADB617482D3E7CAE0004A5AE /* Debug */ = {
			isa = XCBuildConfiguration;
			buildSettings = {
				BUNDLE_LOADER = "$(TEST_HOST)";
				CODE_SIGN_STYLE = Automatic;
				CURRENT_PROJECT_VERSION = 1;
				DEVELOPMENT_TEAM = XDB22KM8KS;
				GENERATE_INFOPLIST_FILE = YES;
				IPHONEOS_DEPLOYMENT_TARGET = 18.2;
				MARKETING_VERSION = 1.0;
				PRODUCT_BUNDLE_IDENTIFIER = com.rocket.MovieAppTests;
				PRODUCT_NAME = "$(TARGET_NAME)";
				SWIFT_EMIT_LOC_STRINGS = NO;
				SWIFT_VERSION = 5.0;
				TARGETED_DEVICE_FAMILY = "1,2";
				TEST_HOST = "$(BUILT_PRODUCTS_DIR)/MovieApp.app/$(BUNDLE_EXECUTABLE_FOLDER_PATH)/MovieApp";
			};
			name = Debug;
		};
		ADB617492D3E7CAE0004A5AE /* Release */ = {
			isa = XCBuildConfiguration;
			buildSettings = {
				BUNDLE_LOADER = "$(TEST_HOST)";
				CODE_SIGN_STYLE = Automatic;
				CURRENT_PROJECT_VERSION = 1;
				DEVELOPMENT_TEAM = XDB22KM8KS;
				GENERATE_INFOPLIST_FILE = YES;
				IPHONEOS_DEPLOYMENT_TARGET = 18.2;
				MARKETING_VERSION = 1.0;
				PRODUCT_BUNDLE_IDENTIFIER = com.rocket.MovieAppTests;
				PRODUCT_NAME = "$(TARGET_NAME)";
				SWIFT_EMIT_LOC_STRINGS = NO;
				SWIFT_VERSION = 5.0;
				TARGETED_DEVICE_FAMILY = "1,2";
				TEST_HOST = "$(BUILT_PRODUCTS_DIR)/MovieApp.app/$(BUNDLE_EXECUTABLE_FOLDER_PATH)/MovieApp";
			};
			name = Release;
		};
		ADB6174B2D3E7CAE0004A5AE /* Debug */ = {
			isa = XCBuildConfiguration;
			buildSettings = {
				CODE_SIGN_STYLE = Automatic;
				CURRENT_PROJECT_VERSION = 1;
				DEVELOPMENT_TEAM = XDB22KM8KS;
				GENERATE_INFOPLIST_FILE = YES;
				MARKETING_VERSION = 1.0;
				PRODUCT_BUNDLE_IDENTIFIER = com.rocket.MovieAppUITests;
				PRODUCT_NAME = "$(TARGET_NAME)";
				SWIFT_EMIT_LOC_STRINGS = NO;
				SWIFT_VERSION = 5.0;
				TARGETED_DEVICE_FAMILY = "1,2";
				TEST_TARGET_NAME = MovieApp;
			};
			name = Debug;
		};
		ADB6174C2D3E7CAE0004A5AE /* Release */ = {
			isa = XCBuildConfiguration;
			buildSettings = {
				CODE_SIGN_STYLE = Automatic;
				CURRENT_PROJECT_VERSION = 1;
				DEVELOPMENT_TEAM = XDB22KM8KS;
				GENERATE_INFOPLIST_FILE = YES;
				MARKETING_VERSION = 1.0;
				PRODUCT_BUNDLE_IDENTIFIER = com.rocket.MovieAppUITests;
				PRODUCT_NAME = "$(TARGET_NAME)";
				SWIFT_EMIT_LOC_STRINGS = NO;
				SWIFT_VERSION = 5.0;
				TARGETED_DEVICE_FAMILY = "1,2";
				TEST_TARGET_NAME = MovieApp;
			};
			name = Release;
		};
/* End XCBuildConfiguration section */

/* Begin XCConfigurationList section */
		ADB617142D3E7CAC0004A5AE /* Build configuration list for PBXProject "MovieApp" */ = {
			isa = XCConfigurationList;
			buildConfigurations = (
				ADB617452D3E7CAE0004A5AE /* Debug */,
				ADB617462D3E7CAE0004A5AE /* Release */,
			);
			defaultConfigurationIsVisible = 0;
			defaultConfigurationName = Release;
		};
		ADB617422D3E7CAE0004A5AE /* Build configuration list for PBXNativeTarget "MovieApp" */ = {
			isa = XCConfigurationList;
			buildConfigurations = (
				ADB617432D3E7CAE0004A5AE /* Debug */,
				ADB617442D3E7CAE0004A5AE /* Release */,
			);
			defaultConfigurationIsVisible = 0;
			defaultConfigurationName = Release;
		};
		ADB617472D3E7CAE0004A5AE /* Build configuration list for PBXNativeTarget "MovieAppTests" */ = {
			isa = XCConfigurationList;
			buildConfigurations = (
				ADB617482D3E7CAE0004A5AE /* Debug */,
				ADB617492D3E7CAE0004A5AE /* Release */,
			);
			defaultConfigurationIsVisible = 0;
			defaultConfigurationName = Release;
		};
		ADB6174A2D3E7CAE0004A5AE /* Build configuration list for PBXNativeTarget "MovieAppUITests" */ = {
			isa = XCConfigurationList;
			buildConfigurations = (
				ADB6174B2D3E7CAE0004A5AE /* Debug */,
				ADB6174C2D3E7CAE0004A5AE /* Release */,
			);
			defaultConfigurationIsVisible = 0;
			defaultConfigurationName = Release;
		};
/* End XCConfigurationList section */

/* Begin XCRemoteSwiftPackageReference section */
		ADB617542D3E83390004A5AE /* XCRemoteSwiftPackageReference "RxSwift" */ = {
			isa = XCRemoteSwiftPackageReference;
			repositoryURL = "https://github.com/ReactiveX/RxSwift.git";
			requirement = {
				kind = upToNextMajorVersion;
				minimumVersion = 6.8.0;
			};
		};
		ADB6175D2D3E842E0004A5AE /* XCRemoteSwiftPackageReference "Kingfisher" */ = {
			isa = XCRemoteSwiftPackageReference;
			repositoryURL = "https://github.com/onevcat/Kingfisher.git";
			requirement = {
				kind = upToNextMajorVersion;
				minimumVersion = 8.1.3;
			};
		};
/* End XCRemoteSwiftPackageReference section */

/* Begin XCSwiftPackageProductDependency section */
		ADB617552D3E83390004A5AE /* RxBlocking */ = {
			isa = XCSwiftPackageProductDependency;
			package = ADB617542D3E83390004A5AE /* XCRemoteSwiftPackageReference "RxSwift" */;
			productName = RxBlocking;
		};
		ADB617572D3E83390004A5AE /* RxCocoa */ = {
			isa = XCSwiftPackageProductDependency;
			package = ADB617542D3E83390004A5AE /* XCRemoteSwiftPackageReference "RxSwift" */;
			productName = RxCocoa;
		};
		ADB617592D3E83390004A5AE /* RxSwift */ = {
			isa = XCSwiftPackageProductDependency;
			package = ADB617542D3E83390004A5AE /* XCRemoteSwiftPackageReference "RxSwift" */;
			productName = RxSwift;
		};
		ADB6175B2D3E83390004A5AE /* RxTest */ = {
			isa = XCSwiftPackageProductDependency;
			package = ADB617542D3E83390004A5AE /* XCRemoteSwiftPackageReference "RxSwift" */;
			productName = RxTest;
		};
		ADB6175E2D3E842E0004A5AE /* Kingfisher */ = {
			isa = XCSwiftPackageProductDependency;
			package = ADB6175D2D3E842E0004A5AE /* XCRemoteSwiftPackageReference "Kingfisher" */;
			productName = Kingfisher;
		};
/* End XCSwiftPackageProductDependency section */
	};
	rootObject = ADB617112D3E7CAC0004A5AE /* Project object */;
}
